
Microsoft Visual Studio Solution File, Format Version 12.00
# Visual Studio Version 17
VisualStudioVersion = 17.8.34309.116
MinimumVisualStudioVersion = 10.0.40219.1
Project("{9A19103F-16F7-4668-BE54-9A1E7A4F7556}") = "PrismDemo", "PrismDemo\PrismDemo.csproj", "{CFAE5690-C825-4038-8D85-B91078C48C63}"
EndProject
Project("{FAE04EC0-301F-11D3-BF4B-00C04F79EFBC}") = "ModuleA", "ModuleA\ModuleA.csproj", "{556FDF30-4315-42EC-949D-24983D245AA9}"
EndProject
Global
	GlobalSection(SolutionConfigurationPlatforms) = preSolution
		Debug|Any CPU = Debug|Any CPU
		Release|Any CPU = Release|Any CPU
	EndGlobalSection
	GlobalSection(ProjectConfigurationPlatforms) = postSolution
		{CFAE5690-C825-4038-8D85-B91078C48C63}.Debug|Any CPU.ActiveCfg = Debug|Any CPU
		{CFAE5690-C825-4038-8D85-B91078C48C63}.Debug|Any CPU.Build.0 = Debug|Any CPU
		{CFAE5690-C825-4038-8D85-B91078C48C63}.Release|Any CPU.ActiveCfg = Release|Any CPU
		{CFAE5690-C825-4038-8D85-B91078C48C63}.Release|Any CPU.Build.0 = Release|Any CPU
		{556FDF30-4315-42EC-949D-24983D245AA9}.Debug|Any CPU.ActiveCfg = Debug|Any CPU
		{556FDF30-4315-42EC-949D-24983D245AA9}.Debug|Any CPU.Build.0 = Debug|Any CPU
		{556FDF30-4315-42EC-949D-24983D245AA9}.Release|Any CPU.ActiveCfg = Release|Any CPU
		{556FDF30-4315-42EC-949D-24983D245AA9}.Release|Any CPU.Build.0 = Release|Any CPU
	EndGlobalSection
	GlobalSection(SolutionProperties) = preSolution
		HideSolutionNode = FALSE
	EndGlobalSection
	GlobalSection(ExtensibilityGlobals) = postSolution
		SolutionGuid = {00DCD375-F050-4A63-B3DF-8F89884E3491}
	EndGlobalSection
EndGlobal
